
Microsoft Visual Studio Solution File, Format Version 12.00
# Visual Studio Version 16
VisualStudioVersion = 16.0.31005.135
MinimumVisualStudioVersion = 10.0.40219.1
Project("{9A19103F-16F7-4668-BE54-9A1E7A4F7556}") = "WPFProjectAssignment", "WPFProjectAssignment\WPFProjectAssignment.csproj", "{F8963758-B512-4726-814E-B900F6DB3B46}"
EndProject
Project("{FAE04EC0-301F-11D3-BF4B-00C04F79EFBC}") = "WPFProjectAssignmentTests1", "WPFProjectAssignmentTests1\WPFProjectAssignmentTests1.csproj", "{3D8CB230-D5A2-48DE-B7F2-B7AED621D2DF}"
EndProject
Project("{FAE04EC0-301F-11D3-BF4B-00C04F79EFBC}") = "WPFProjectVG", "WPFProjectVG\WPFProjectVG.csproj", "{01A07BA0-3931-4440-87A8-FE385FB9CD12}"
EndProject
Project("{FAE04EC0-301F-11D3-BF4B-00C04F79EFBC}") = "Utilities", "Utilities\Utilities.csproj", "{8B035BE3-8AF4-426F-B91E-5E3D769D7B18}"
EndProject
Global
	GlobalSection(SolutionConfigurationPlatforms) = preSolution
		Debug|Any CPU = Debug|Any CPU
		Release|Any CPU = Release|Any CPU
	EndGlobalSection
	GlobalSection(ProjectConfigurationPlatforms) = postSolution
		{F8963758-B512-4726-814E-B900F6DB3B46}.Debug|Any CPU.ActiveCfg = Debug|Any CPU
		{F8963758-B512-4726-814E-B900F6DB3B46}.Debug|Any CPU.Build.0 = Debug|Any CPU
		{F8963758-B512-4726-814E-B900F6DB3B46}.Release|Any CPU.ActiveCfg = Release|Any CPU
		{F8963758-B512-4726-814E-B900F6DB3B46}.Release|Any CPU.Build.0 = Release|Any CPU
		{3D8CB230-D5A2-48DE-B7F2-B7AED621D2DF}.Debug|Any CPU.ActiveCfg = Debug|Any CPU
		{3D8CB230-D5A2-48DE-B7F2-B7AED621D2DF}.Debug|Any CPU.Build.0 = Debug|Any CPU
		{3D8CB230-D5A2-48DE-B7F2-B7AED621D2DF}.Release|Any CPU.ActiveCfg = Release|Any CPU
		{3D8CB230-D5A2-48DE-B7F2-B7AED621D2DF}.Release|Any CPU.Build.0 = Release|Any CPU
		{01A07BA0-3931-4440-87A8-FE385FB9CD12}.Debug|Any CPU.ActiveCfg = Debug|Any CPU
		{01A07BA0-3931-4440-87A8-FE385FB9CD12}.Debug|Any CPU.Build.0 = Debug|Any CPU
		{01A07BA0-3931-4440-87A8-FE385FB9CD12}.Release|Any CPU.ActiveCfg = Release|Any CPU
		{01A07BA0-3931-4440-87A8-FE385FB9CD12}.Release|Any CPU.Build.0 = Release|Any CPU
		{8B035BE3-8AF4-426F-B91E-5E3D769D7B18}.Debug|Any CPU.ActiveCfg = Debug|Any CPU
		{8B035BE3-8AF4-426F-B91E-5E3D769D7B18}.Debug|Any CPU.Build.0 = Debug|Any CPU
		{8B035BE3-8AF4-426F-B91E-5E3D769D7B18}.Release|Any CPU.ActiveCfg = Release|Any CPU
		{8B035BE3-8AF4-426F-B91E-5E3D769D7B18}.Release|Any CPU.Build.0 = Release|Any CPU
	EndGlobalSection
	GlobalSection(SolutionProperties) = preSolution
		HideSolutionNode = FALSE
	EndGlobalSection
	GlobalSection(ExtensibilityGlobals) = postSolution
		SolutionGuid = {C3D5EB7A-6BB4-4C82-AB4D-DD56A16E7224}
	EndGlobalSection
EndGlobal
